// !$*UTF8*$!
{
	archiveVersion = 1;
	classes = {
	};
	objectVersion = 56;
	objects = {

/* Begin PBXBuildFile section */
		000000000000000000000014 /* KegPilotApp.swift in Sources */ = {isa = PBXBuildFile; fileRef = 00000000000000000000000A /* KegPilotApp.swift */; };
		000000000000000000000015 /* BrewModel.swift in Sources */ = {isa = PBXBuildFile; fileRef = 00000000000000000000000B /* BrewModel.swift */; };
		000000000000000000000016 /* CommandRunner.swift in Sources */ = {isa = PBXBuildFile; fileRef = 00000000000000000000000C /* CommandRunner.swift */; };
		000000000000000000000055 /* AppIcon.icns in Resources */ = {isa = PBXBuildFile; fileRef = 000000000000000000000052 /* AppIcon.icns */; };
		000000000000000000000056 /* AppIcon.png in Resources */ = {isa = PBXBuildFile; fileRef = 000000000000000000000053 /* AppIcon.png */; };
		000000000000000000000057 /* MenuBarTemplate.png in Resources */ = {isa = PBXBuildFile; fileRef = 000000000000000000000054 /* MenuBarTemplate.png */; };
		000000000000000000000062 /* InstalledPackage.swift in Sources */ = {isa = PBXBuildFile; fileRef = 000000000000000000000060 /* InstalledPackage.swift */; };
		000000000000000000000063 /* InstalledView.swift in Sources */ = {isa = PBXBuildFile; fileRef = 000000000000000000000061 /* InstalledView.swift */; };
		000000000000000000000072 /* PackageUpdate.swift in Sources */ = {isa = PBXBuildFile; fileRef = 000000000000000000000070 /* PackageUpdate.swift */; };
		000000000000000000000073 /* UpdatesView.swift in Sources */ = {isa = PBXBuildFile; fileRef = 000000000000000000000071 /* UpdatesView.swift */; };
		000000000000000000000082 /* AppIconLight.png in Resources */ = {isa = PBXBuildFile; fileRef = 000000000000000000000080 /* AppIconLight.png */; };
		000000000000000000000083 /* AppIconDark.png in Resources */ = {isa = PBXBuildFile; fileRef = 000000000000000000000081 /* AppIconDark.png */; };
		000000000000000000000091 /* MenuBarTemplate@2x.png in Resources */ = {isa = PBXBuildFile; fileRef = 000000000000000000000090 /* MenuBarTemplate@2x.png */; };
/* End PBXBuildFile section */

/* Begin PBXFileReference section */
		000000000000000000000008 /* KegPilot.app */ = {isa = PBXFileReference; explicitFileType = wrapper.application; includeInIndex = 0; path = KegPilot.app; sourceTree = BUILT_PRODUCTS_DIR; };
		000000000000000000000009 /* Info.plist */ = {isa = PBXFileReference; lastKnownFileType = text.plist.xml; path = Info.plist; sourceTree = "<group>"; };
		00000000000000000000000A /* KegPilotApp.swift */ = {isa = PBXFileReference; lastKnownFileType = sourcecode.swift; path = KegPilotApp.swift; sourceTree = "<group>"; };
		00000000000000000000000B /* BrewModel.swift */ = {isa = PBXFileReference; lastKnownFileType = sourcecode.swift; path = BrewModel.swift; sourceTree = "<group>"; };
		00000000000000000000000C /* CommandRunner.swift */ = {isa = PBXFileReference; lastKnownFileType = sourcecode.swift; path = CommandRunner.swift; sourceTree = "<group>"; };
		000000000000000000000052 /* AppIcon.icns */ = {isa = PBXFileReference; lastKnownFileType = image.icns; path = AppIcon.icns; sourceTree = "<group>"; };
		000000000000000000000053 /* AppIcon.png */ = {isa = PBXFileReference; lastKnownFileType = image.png; path = AppIcon.png; sourceTree = "<group>"; };
		000000000000000000000054 /* MenuBarTemplate.png */ = {isa = PBXFileReference; lastKnownFileType = image.png; path = MenuBarTemplate.png; sourceTree = "<group>"; };
		000000000000000000000060 /* InstalledPackage.swift */ = {isa = PBXFileReference; lastKnownFileType = sourcecode.swift; path = InstalledPackage.swift; sourceTree = "<group>"; };
		000000000000000000000061 /* InstalledView.swift */ = {isa = PBXFileReference; lastKnownFileType = sourcecode.swift; path = InstalledView.swift; sourceTree = "<group>"; };
		000000000000000000000070 /* PackageUpdate.swift */ = {isa = PBXFileReference; lastKnownFileType = sourcecode.swift; path = PackageUpdate.swift; sourceTree = "<group>"; };
		000000000000000000000071 /* UpdatesView.swift */ = {isa = PBXFileReference; lastKnownFileType = sourcecode.swift; path = UpdatesView.swift; sourceTree = "<group>"; };
		000000000000000000000080 /* AppIconLight.png */ = {isa = PBXFileReference; lastKnownFileType = image.png; path = AppIconLight.png; sourceTree = "<group>"; };
		000000000000000000000081 /* AppIconDark.png */ = {isa = PBXFileReference; lastKnownFileType = image.png; path = AppIconDark.png; sourceTree = "<group>"; };
		000000000000000000000090 /* MenuBarTemplate@2x.png */ = {isa = PBXFileReference; lastKnownFileType = image.png; path = "MenuBarTemplate@2x.png"; sourceTree = "<group>"; };
/* End PBXFileReference section */

/* Begin PBXFrameworksBuildPhase section */
		000000000000000000000007 /* Frameworks */ = {
			isa = PBXFrameworksBuildPhase;
			buildActionMask = 2147483647;
			files = (
			);
			runOnlyForDeploymentPostprocessing = 0;
		};
/* End PBXFrameworksBuildPhase section */

/* Begin PBXGroup section */
		000000000000000000000002 = {
			isa = PBXGroup;
			children = (
				000000000000000000000003 /* Sources/KegPilot */,
				000000000000000000000004 /* Products */,
				000000000000000000000009 /* Info.plist */,
				000000000000000000000050 /* Resources */,
			);
			sourceTree = "<group>";
		};
		000000000000000000000003 /* Sources/KegPilot */ = {
			isa = PBXGroup;
			children = (
				00000000000000000000000A /* KegPilotApp.swift */,
				00000000000000000000000B /* BrewModel.swift */,
				00000000000000000000000C /* CommandRunner.swift */,
				000000000000000000000060 /* InstalledPackage.swift */,
				000000000000000000000061 /* InstalledView.swift */,
				000000000000000000000070 /* PackageUpdate.swift */,
				000000000000000000000071 /* UpdatesView.swift */,
			);
			path = Sources/KegPilot;
			sourceTree = "<group>";
		};
		000000000000000000000004 /* Products */ = {
			isa = PBXGroup;
			children = (
				000000000000000000000008 /* KegPilot.app */,
			);
			name = Products;
			sourceTree = "<group>";
		};
		000000000000000000000050 /* Resources */ = {
			isa = PBXGroup;
			children = (
				000000000000000000000052 /* AppIcon.icns */,
				000000000000000000000053 /* AppIcon.png */,
				000000000000000000000054 /* MenuBarTemplate.png */,
				000000000000000000000080 /* AppIconLight.png */,
				000000000000000000000081 /* AppIconDark.png */,
				000000000000000000000090 /* MenuBarTemplate@2x.png */,
			);
			path = Resources;
			sourceTree = "<group>";
		};
/* End PBXGroup section */

/* Begin PBXNativeTarget section */
		000000000000000000000005 /* KegPilot */ = {
			isa = PBXNativeTarget;
			buildConfigurationList = 000000000000000000000029 /* Build configuration list for PBXNativeTarget "KegPilot" */;
			buildPhases = (
				000000000000000000000006 /* Sources */,
				000000000000000000000007 /* Frameworks */,
				000000000000000000000051 /* Resources */,
			);
			buildRules = (
			);
			dependencies = (
			);
			name = KegPilot;
			productName = KegPilot;
			productReference = 000000000000000000000008 /* KegPilot.app */;
			productType = "com.apple.product-type.application";
		};
/* End PBXNativeTarget section */

/* Begin PBXProject section */
		000000000000000000000001 /* Project object */ = {
			isa = PBXProject;
			attributes = {
				BuildIndependentTargetsInParallel = YES;
				LastUpgradeCheck = 2700;
			};
			buildConfigurationList = 000000000000000000000028 /* Build configuration list for PBXProject "KegPilot" */;
			compatibilityVersion = "Xcode 14.0";
			developmentRegion = en;
			hasScannedForEncodings = 0;
			knownRegions = (
				en,
				Base,
			);
			mainGroup = 000000000000000000000002;
			productRefGroup = 000000000000000000000004 /* Products */;
			projectDirPath = "";
			projectRoot = "";
			targets = (
				000000000000000000000005 /* KegPilot */,
			);
		};
/* End PBXProject section */

/* Begin PBXResourcesBuildPhase section */
		000000000000000000000051 /* Resources */ = {
			isa = PBXResourcesBuildPhase;
			buildActionMask = 2147483647;
			files = (
				000000000000000000000055 /* AppIcon.icns in Resources */,
				000000000000000000000056 /* AppIcon.png in Resources */,
				000000000000000000000057 /* MenuBarTemplate.png in Resources */,
				000000000000000000000082 /* AppIconLight.png in Resources */,
				000000000000000000000083 /* AppIconDark.png in Resources */,
				000000000000000000000091 /* MenuBarTemplate@2x.png in Resources */,
			);
			runOnlyForDeploymentPostprocessing = 0;
		};
/* End PBXResourcesBuildPhase section */

/* Begin PBXSourcesBuildPhase section */
		000000000000000000000006 /* Sources */ = {
			isa = PBXSourcesBuildPhase;
			buildActionMask = 2147483647;
			files = (
				000000000000000000000014 /* KegPilotApp.swift in Sources */,
				000000000000000000000015 /* BrewModel.swift in Sources */,
				000000000000000000000016 /* CommandRunner.swift in Sources */,
				000000000000000000000062 /* InstalledPackage.swift in Sources */,
				000000000000000000000063 /* InstalledView.swift in Sources */,
				000000000000000000000072 /* PackageUpdate.swift in Sources */,
				000000000000000000000073 /* UpdatesView.swift in Sources */,
			);
			runOnlyForDeploymentPostprocessing = 0;
		};
/* End PBXSourcesBuildPhase section */

/* Begin XCBuildConfiguration section */
		00000000000000000000002A /* Debug */ = {
			isa = XCBuildConfiguration;
			buildSettings = {
				CLANG_ENABLE_MODULES = YES;
				CLANG_WARN_BLOCK_CAPTURE_AUTORELEASING = YES;
				CLANG_WARN_BOOL_CONVERSION = YES;
				CLANG_WARN_COMMA = YES;
				CLANG_WARN_CONSTANT_CONVERSION = YES;
				CLANG_WARN_DEPRECATED_OBJC_IMPLEMENTATIONS = YES;
				CLANG_WARN_EMPTY_BODY = YES;
				CLANG_WARN_ENUM_CONVERSION = YES;
				CLANG_WARN_INFINITE_RECURSION = YES;
				CLANG_WARN_INT_CONVERSION = YES;
				CLANG_WARN_NON_LITERAL_NULL_CONVERSION = YES;
				CLANG_WARN_OBJC_IMPLICIT_RETAIN_SELF = YES;
				CLANG_WARN_OBJC_LITERAL_CONVERSION = YES;
				CLANG_WARN_QUOTED_INCLUDE_IN_FRAMEWORK_HEADER = YES;
				CLANG_WARN_RANGE_LOOP_ANALYSIS = YES;
				CLANG_WARN_STRICT_PROTOTYPES = YES;
				CLANG_WARN_SUSPICIOUS_MOVE = YES;
				CLANG_WARN_UNREACHABLE_CODE = YES;
				CLANG_WARN__DUPLICATE_METHOD_MATCH = YES;
				DEAD_CODE_STRIPPING = YES;
				ENABLE_STRICT_OBJC_MSGSEND = YES;
				ENABLE_TESTABILITY = YES;
				ENABLE_USER_SCRIPT_SANDBOXING = YES;
				GCC_NO_COMMON_BLOCKS = YES;
				GCC_WARN_64_TO_32_BIT_CONVERSION = YES;
				GCC_WARN_ABOUT_RETURN_TYPE = YES;
				GCC_WARN_UNDECLARED_SELECTOR = YES;
				GCC_WARN_UNINITIALIZED_AUTOS = YES;
				GCC_WARN_UNUSED_FUNCTION = YES;
				GCC_WARN_UNUSED_VARIABLE = YES;
				MACOSX_DEPLOYMENT_TARGET = 13.0;
				ONLY_ACTIVE_ARCH = YES;
				SDKROOT = macosx;
				STRING_CATALOG_GENERATE_SYMBOLS = YES;
				SWIFT_VERSION = 5.0;
			};
			name = Debug;
		};
		00000000000000000000002B /* Release */ = {
			isa = XCBuildConfiguration;
			buildSettings = {
				CLANG_ENABLE_MODULES = YES;
				CLANG_WARN_BLOCK_CAPTURE_AUTORELEASING = YES;
				CLANG_WARN_BOOL_CONVERSION = YES;
				CLANG_WARN_COMMA = YES;
				CLANG_WARN_CONSTANT_CONVERSION = YES;
				CLANG_WARN_DEPRECATED_OBJC_IMPLEMENTATIONS = YES;
				CLANG_WARN_EMPTY_BODY = YES;
				CLANG_WARN_ENUM_CONVERSION = YES;
				CLANG_WARN_INFINITE_RECURSION = YES;
				CLANG_WARN_INT_CONVERSION = YES;
				CLANG_WARN_NON_LITERAL_NULL_CONVERSION = YES;
				CLANG_WARN_OBJC_IMPLICIT_RETAIN_SELF = YES;
				CLANG_WARN_OBJC_LITERAL_CONVERSION = YES;
				CLANG_WARN_QUOTED_INCLUDE_IN_FRAMEWORK_HEADER = YES;
				CLANG_WARN_RANGE_LOOP_ANALYSIS = YES;
				CLANG_WARN_STRICT_PROTOTYPES = YES;
				CLANG_WARN_SUSPICIOUS_MOVE = YES;
				CLANG_WARN_UNREACHABLE_CODE = YES;
				CLANG_WARN__DUPLICATE_METHOD_MATCH = YES;
				DEAD_CODE_STRIPPING = YES;
				ENABLE_STRICT_OBJC_MSGSEND = YES;
				ENABLE_USER_SCRIPT_SANDBOXING = YES;
				GCC_NO_COMMON_BLOCKS = YES;
				GCC_WARN_64_TO_32_BIT_CONVERSION = YES;
				GCC_WARN_ABOUT_RETURN_TYPE = YES;
				GCC_WARN_UNDECLARED_SELECTOR = YES;
				GCC_WARN_UNINITIALIZED_AUTOS = YES;
				GCC_WARN_UNUSED_FUNCTION = YES;
				GCC_WARN_UNUSED_VARIABLE = YES;
				MACOSX_DEPLOYMENT_TARGET = 13.0;
				SDKROOT = macosx;
				STRING_CATALOG_GENERATE_SYMBOLS = YES;
				SWIFT_COMPILATION_MODE = wholemodule;
				SWIFT_VERSION = 5.0;
			};
			name = Release;
		};
		00000000000000000000002C /* Debug */ = {
			isa = XCBuildConfiguration;
			buildSettings = {
				CLANG_ENABLE_MODULES = YES;
				CLANG_ENABLE_OBJC_WEAK = YES;
				CODE_SIGN_IDENTITY = "-";
				CODE_SIGN_STYLE = Automatic;
				DEAD_CODE_STRIPPING = YES;
				ENABLE_APP_SANDBOX = NO;
				ENABLE_HARDENED_RUNTIME = YES;
				GENERATE_INFOPLIST_FILE = NO;
				INFOPLIST_FILE = Info.plist;
				MACOSX_DEPLOYMENT_TARGET = "$(RECOMMENDED_MACOSX_DEPLOYMENT_TARGET)";
				PRODUCT_BUNDLE_IDENTIFIER = com.kegpilot.app;
				PRODUCT_NAME = "$(TARGET_NAME)";
				SDKROOT = macosx;
				SWIFT_OPTIMIZATION_LEVEL = "-Onone";
				SWIFT_VERSION = 5.0;
			};
			name = Debug;
		};
		00000000000000000000002D /* Release */ = {
			isa = XCBuildConfiguration;
			buildSettings = {
				CLANG_ENABLE_MODULES = YES;
				CLANG_ENABLE_OBJC_WEAK = YES;
				CODE_SIGN_IDENTITY = "-";
				CODE_SIGN_STYLE = Automatic;
				DEAD_CODE_STRIPPING = YES;
				ENABLE_APP_SANDBOX = NO;
				ENABLE_HARDENED_RUNTIME = YES;
				GENERATE_INFOPLIST_FILE = NO;
				INFOPLIST_FILE = Info.plist;
				MACOSX_DEPLOYMENT_TARGET = "$(RECOMMENDED_MACOSX_DEPLOYMENT_TARGET)";
				PRODUCT_BUNDLE_IDENTIFIER = com.kegpilot.app;
				PRODUCT_NAME = "$(TARGET_NAME)";
				SDKROOT = macosx;
				SWIFT_OPTIMIZATION_LEVEL = "-O";
				SWIFT_VERSION = 5.0;
			};
			name = Release;
		};
/* End XCBuildConfiguration section */

/* Begin XCConfigurationList section */
		000000000000000000000028 /* Build configuration list for PBXProject "KegPilot" */ = {
			isa = XCConfigurationList;
			buildConfigurations = (
				00000000000000000000002A /* Debug */,
				00000000000000000000002B /* Release */,
			);
			defaultConfigurationIsVisible = 0;
			defaultConfigurationName = Release;
		};
		000000000000000000000029 /* Build configuration list for PBXNativeTarget "KegPilot" */ = {
			isa = XCConfigurationList;
			buildConfigurations = (
				00000000000000000000002C /* Debug */,
				00000000000000000000002D /* Release */,
			);
			defaultConfigurationIsVisible = 0;
			defaultConfigurationName = Release;
		};
/* End XCConfigurationList section */
	};
	rootObject = 000000000000000000000001 /* Project object */;
}
