// !$*UTF8*$!
{ archiveVersion = 1; classes = {}; objectVersion = 56; objects = {
00000000000000000000000A = { isa = PBXFileReference; lastKnownFileType = sourcecode.swift; path = KegPilotApp.swift; sourceTree = "<group>"; };
000000000000000000000014 = { isa = PBXBuildFile; fileRef = 00000000000000000000000A; };
00000000000000000000000B = { isa = PBXFileReference; lastKnownFileType = sourcecode.swift; path = BrewModel.swift; sourceTree = "<group>"; };
000000000000000000000015 = { isa = PBXBuildFile; fileRef = 00000000000000000000000B; };
00000000000000000000000C = { isa = PBXFileReference; lastKnownFileType = sourcecode.swift; path = CommandRunner.swift; sourceTree = "<group>"; };
000000000000000000000016 = { isa = PBXBuildFile; fileRef = 00000000000000000000000C; };
000000000000000000000001 = { isa = PBXProject; attributes = { LastUpgradeCheck = 1600; }; buildConfigurationList = 000000000000000000000028; compatibilityVersion = "Xcode 14.0"; developmentRegion = en; knownRegions = (en, Base); mainGroup = 000000000000000000000002; productRefGroup = 000000000000000000000004; projectDirPath = ""; projectRoot = ""; targets = (000000000000000000000005); };
000000000000000000000002 = { isa = PBXGroup; children = (000000000000000000000003, 000000000000000000000004, 000000000000000000000009, 000000000000000000000050); sourceTree = "<group>"; };
000000000000000000000003 = { isa = PBXGroup; children = (00000000000000000000000A,00000000000000000000000B,00000000000000000000000C, 000000000000000000000060, 000000000000000000000061, 000000000000000000000070, 000000000000000000000071); path = Sources/KegPilot; sourceTree = "<group>"; };
000000000000000000000004 = { isa = PBXGroup; children = (000000000000000000000008); name = Products; sourceTree = "<group>"; };
000000000000000000000005 = { isa = PBXNativeTarget; buildConfigurationList = 000000000000000000000029; buildPhases = (000000000000000000000006, 000000000000000000000007, 000000000000000000000051); buildRules = (); dependencies = (); name = KegPilot; productName = KegPilot; productReference = 000000000000000000000008; productType = "com.apple.product-type.application"; };
000000000000000000000006 = { isa = PBXSourcesBuildPhase; buildActionMask = 2147483647; files = (000000000000000000000014,000000000000000000000015,000000000000000000000016, 000000000000000000000062, 000000000000000000000063, 000000000000000000000072, 000000000000000000000073); runOnlyForDeploymentPostprocessing = 0; };
000000000000000000000007 = { isa = PBXFrameworksBuildPhase; buildActionMask = 2147483647; files = (); runOnlyForDeploymentPostprocessing = 0; };
000000000000000000000008 = { isa = PBXFileReference; explicitFileType = wrapper.application; includeInIndex = 0; path = KegPilot.app; sourceTree = BUILT_PRODUCTS_DIR; };
000000000000000000000009 = { isa = PBXFileReference; lastKnownFileType = text.plist.xml; path = Info.plist; sourceTree = "<group>"; };
000000000000000000000028 = { isa = XCConfigurationList; buildConfigurations = (00000000000000000000002A, 00000000000000000000002B); defaultConfigurationIsVisible = 0; defaultConfigurationName = Release; };
000000000000000000000029 = { isa = XCConfigurationList; buildConfigurations = (00000000000000000000002C, 00000000000000000000002D); defaultConfigurationIsVisible = 0; defaultConfigurationName = Release; };
00000000000000000000002A = { isa = XCBuildConfiguration; buildSettings = { SDKROOT = macosx; MACOSX_DEPLOYMENT_TARGET = 13.0; SWIFT_VERSION = 5.0; CLANG_ENABLE_MODULES = YES; }; name = Debug; };
00000000000000000000002B = { isa = XCBuildConfiguration; buildSettings = { SDKROOT = macosx; MACOSX_DEPLOYMENT_TARGET = 13.0; SWIFT_VERSION = 5.0; CLANG_ENABLE_MODULES = YES; }; name = Release; };
00000000000000000000002C = { isa = XCBuildConfiguration; buildSettings = { SDKROOT = macosx; MACOSX_DEPLOYMENT_TARGET = 13.0; SWIFT_VERSION = 5.0; CLANG_ENABLE_MODULES = YES; PRODUCT_NAME = "$(TARGET_NAME)"; PRODUCT_BUNDLE_IDENTIFIER = com.brewbar.app; INFOPLIST_FILE = Info.plist; GENERATE_INFOPLIST_FILE = NO; CODE_SIGN_STYLE = Automatic; CODE_SIGN_IDENTITY = "-"; ENABLE_APP_SANDBOX = NO; ENABLE_HARDENED_RUNTIME = YES; ARCHS = arm64; SWIFT_OPTIMIZATION_LEVEL = "-Onone"; }; name = Debug; };
00000000000000000000002D = { isa = XCBuildConfiguration; buildSettings = { SDKROOT = macosx; MACOSX_DEPLOYMENT_TARGET = 13.0; SWIFT_VERSION = 5.0; CLANG_ENABLE_MODULES = YES; PRODUCT_NAME = "$(TARGET_NAME)"; PRODUCT_BUNDLE_IDENTIFIER = com.brewbar.app; INFOPLIST_FILE = Info.plist; GENERATE_INFOPLIST_FILE = NO; CODE_SIGN_STYLE = Automatic; CODE_SIGN_IDENTITY = "-"; ENABLE_APP_SANDBOX = NO; ENABLE_HARDENED_RUNTIME = YES; ARCHS = arm64; SWIFT_OPTIMIZATION_LEVEL = "-O"; }; name = Release; };
000000000000000000000050 = { isa = PBXGroup; children = (000000000000000000000052, 000000000000000000000053, 000000000000000000000054, 000000000000000000000080, 000000000000000000000081, 000000000000000000000090); path = Resources; sourceTree = "<group>"; };
000000000000000000000051 = { isa = PBXResourcesBuildPhase; buildActionMask = 2147483647; files = (000000000000000000000055, 000000000000000000000056, 000000000000000000000057, 000000000000000000000082, 000000000000000000000083, 000000000000000000000091); runOnlyForDeploymentPostprocessing = 0; };
000000000000000000000052 = { isa = PBXFileReference; lastKnownFileType = image.icns; path = AppIcon.icns; sourceTree = "<group>"; };
000000000000000000000055 = { isa = PBXBuildFile; fileRef = 000000000000000000000052; };
000000000000000000000053 = { isa = PBXFileReference; lastKnownFileType = image.png; path = AppIcon.png; sourceTree = "<group>"; };
000000000000000000000056 = { isa = PBXBuildFile; fileRef = 000000000000000000000053; };
000000000000000000000054 = { isa = PBXFileReference; lastKnownFileType = image.png; path = MenuBarTemplate.png; sourceTree = "<group>"; };
000000000000000000000057 = { isa = PBXBuildFile; fileRef = 000000000000000000000054; };
000000000000000000000060 = { isa = PBXFileReference; lastKnownFileType = sourcecode.swift; path = InstalledPackage.swift; sourceTree = "<group>"; };
000000000000000000000062 = { isa = PBXBuildFile; fileRef = 000000000000000000000060; };
000000000000000000000061 = { isa = PBXFileReference; lastKnownFileType = sourcecode.swift; path = InstalledView.swift; sourceTree = "<group>"; };
000000000000000000000063 = { isa = PBXBuildFile; fileRef = 000000000000000000000061; };
000000000000000000000070 = { isa = PBXFileReference; lastKnownFileType = sourcecode.swift; path = PackageUpdate.swift; sourceTree = "<group>"; };
000000000000000000000072 = { isa = PBXBuildFile; fileRef = 000000000000000000000070; };
000000000000000000000071 = { isa = PBXFileReference; lastKnownFileType = sourcecode.swift; path = UpdatesView.swift; sourceTree = "<group>"; };
000000000000000000000073 = { isa = PBXBuildFile; fileRef = 000000000000000000000071; };
000000000000000000000080 = { isa = PBXFileReference; lastKnownFileType = image.png; path = AppIconLight.png; sourceTree = "<group>"; };
000000000000000000000082 = { isa = PBXBuildFile; fileRef = 000000000000000000000080; };
000000000000000000000081 = { isa = PBXFileReference; lastKnownFileType = image.png; path = AppIconDark.png; sourceTree = "<group>"; };
000000000000000000000083 = { isa = PBXBuildFile; fileRef = 000000000000000000000081; };
000000000000000000000090 = { isa = PBXFileReference; lastKnownFileType = image.png; path = "MenuBarTemplate@2x.png"; sourceTree = "<group>"; };
000000000000000000000091 = { isa = PBXBuildFile; fileRef = 000000000000000000000090; };
}; rootObject = 000000000000000000000001; }
